// !$*UTF8*$!
{
	archiveVersion = 1;
	classes = {
	};
	objectVersion = 46;
	objects = {

/* Begin PBXBuildFile section */
		1ED77B121A1CA65F00CA06C3 /* AppDelegate.swift in Sources */ = {isa = PBXBuildFile; fileRef = 1ED77B111A1CA65F00CA06C3 /* AppDelegate.swift */; };
		1ED77B151A1CA65F00CA06C3 /* Smart_Eng.xcdatamodeld in Sources */ = {isa = PBXBuildFile; fileRef = 1ED77B131A1CA65F00CA06C3 /* Smart_Eng.xcdatamodeld */; };
		1ED77B171A1CA65F00CA06C3 /* ViewController.swift in Sources */ = {isa = PBXBuildFile; fileRef = 1ED77B161A1CA65F00CA06C3 /* ViewController.swift */; };
		1ED77B1A1A1CA65F00CA06C3 /* Main.storyboard in Resources */ = {isa = PBXBuildFile; fileRef = 1ED77B181A1CA65F00CA06C3 /* Main.storyboard */; };
		1ED77B1C1A1CA65F00CA06C3 /* Images.xcassets in Resources */ = {isa = PBXBuildFile; fileRef = 1ED77B1B1A1CA65F00CA06C3 /* Images.xcassets */; };
		1ED77B1F1A1CA65F00CA06C3 /* LaunchScreen.xib in Resources */ = {isa = PBXBuildFile; fileRef = 1ED77B1D1A1CA65F00CA06C3 /* LaunchScreen.xib */; };
		1ED77B2B1A1CA65F00CA06C3 /* Smart_EngTests.swift in Sources */ = {isa = PBXBuildFile; fileRef = 1ED77B2A1A1CA65F00CA06C3 /* Smart_EngTests.swift */; };
/* End PBXBuildFile section */

/* Begin PBXContainerItemProxy section */
		1ED77B251A1CA65F00CA06C3 /* PBXContainerItemProxy */ = {
			isa = PBXContainerItemProxy;
			containerPortal = 1ED77B041A1CA65F00CA06C3 /* Project object */;
			proxyType = 1;
			remoteGlobalIDString = 1ED77B0B1A1CA65F00CA06C3;
			remoteInfo = "Smart Eng";
		};
/* End PBXContainerItemProxy section */

/* Begin PBXFileReference section */
		1ED77B0C1A1CA65F00CA06C3 /* Smart Eng.app */ = {isa = PBXFileReference; explicitFileType = wrapper.application; includeInIndex = 0; path = "Smart Eng.app"; sourceTree = BUILT_PRODUCTS_DIR; };
		1ED77B101A1CA65F00CA06C3 /* Info.plist */ = {isa = PBXFileReference; lastKnownFileType = text.plist.xml; path = Info.plist; sourceTree = "<group>"; };
		1ED77B111A1CA65F00CA06C3 /* AppDelegate.swift */ = {isa = PBXFileReference; lastKnownFileType = sourcecode.swift; path = AppDelegate.swift; sourceTree = "<group>"; };
		1ED77B141A1CA65F00CA06C3 /* Smart_Eng.xcdatamodel */ = {isa = PBXFileReference; lastKnownFileType = wrapper.xcdatamodel; path = Smart_Eng.xcdatamodel; sourceTree = "<group>"; };
		1ED77B161A1CA65F00CA06C3 /* ViewController.swift */ = {isa = PBXFileReference; lastKnownFileType = sourcecode.swift; path = ViewController.swift; sourceTree = "<group>"; };
		1ED77B191A1CA65F00CA06C3 /* Base */ = {isa = PBXFileReference; lastKnownFileType = file.storyboard; name = Base; path = Base.lproj/Main.storyboard; sourceTree = "<group>"; };
		1ED77B1B1A1CA65F00CA06C3 /* Images.xcassets */ = {isa = PBXFileReference; lastKnownFileType = folder.assetcatalog; path = Images.xcassets; sourceTree = "<group>"; };
		1ED77B1E1A1CA65F00CA06C3 /* Base */ = {isa = PBXFileReference; lastKnownFileType = file.xib; name = Base; path = Base.lproj/LaunchScreen.xib; sourceTree = "<group>"; };
		1ED77B241A1CA65F00CA06C3 /* Smart EngTests.xctest */ = {isa = PBXFileReference; explicitFileType = wrapper.cfbundle; includeInIndex = 0; path = "Smart EngTests.xctest"; sourceTree = BUILT_PRODUCTS_DIR; };
		1ED77B291A1CA65F00CA06C3 /* Info.plist */ = {isa = PBXFileReference; lastKnownFileType = text.plist.xml; path = Info.plist; sourceTree = "<group>"; };
		1ED77B2A1A1CA65F00CA06C3 /* Smart_EngTests.swift */ = {isa = PBXFileReference; lastKnownFileType = sourcecode.swift; path = Smart_EngTests.swift; sourceTree = "<group>"; };
/* End PBXFileReference section */

/* Begin PBXFrameworksBuildPhase section */
		1ED77B091A1CA65F00CA06C3 /* Frameworks */ = {
			isa = PBXFrameworksBuildPhase;
			buildActionMask = 2147483647;
			files = (
			);
			runOnlyForDeploymentPostprocessing = 0;
		};
		1ED77B211A1CA65F00CA06C3 /* Frameworks */ = {
			isa = PBXFrameworksBuildPhase;
			buildActionMask = 2147483647;
			files = (
			);
			runOnlyForDeploymentPostprocessing = 0;
		};
/* End PBXFrameworksBuildPhase section */

/* Begin PBXGroup section */
		1ED77B031A1CA65F00CA06C3 = {
			isa = PBXGroup;
			children = (
				1ED77B0E1A1CA65F00CA06C3 /* Smart Eng */,
				1ED77B271A1CA65F00CA06C3 /* Smart EngTests */,
				1ED77B0D1A1CA65F00CA06C3 /* Products */,
			);
			sourceTree = "<group>";
		};
		1ED77B0D1A1CA65F00CA06C3 /* Products */ = {
			isa = PBXGroup;
			children = (
				1ED77B0C1A1CA65F00CA06C3 /* Smart Eng.app */,
				1ED77B241A1CA65F00CA06C3 /* Smart EngTests.xctest */,
			);
			name = Products;
			sourceTree = "<group>";
		};
		1ED77B0E1A1CA65F00CA06C3 /* Smart Eng */ = {
			isa = PBXGroup;
			children = (
				1ED77B111A1CA65F00CA06C3 /* AppDelegate.swift */,
				1ED77B161A1CA65F00CA06C3 /* ViewController.swift */,
				1ED77B181A1CA65F00CA06C3 /* Main.storyboard */,
				1ED77B1B1A1CA65F00CA06C3 /* Images.xcassets */,
				1ED77B1D1A1CA65F00CA06C3 /* LaunchScreen.xib */,
				1ED77B131A1CA65F00CA06C3 /* Smart_Eng.xcdatamodeld */,
				1ED77B0F1A1CA65F00CA06C3 /* Supporting Files */,
			);
			path = "Smart Eng";
			sourceTree = "<group>";
		};
		1ED77B0F1A1CA65F00CA06C3 /* Supporting Files */ = {
			isa = PBXGroup;
			children = (
				1ED77B101A1CA65F00CA06C3 /* Info.plist */,
			);
			name = "Supporting Files";
			sourceTree = "<group>";
		};
		1ED77B271A1CA65F00CA06C3 /* Smart EngTests */ = {
			isa = PBXGroup;
			children = (
				1ED77B2A1A1CA65F00CA06C3 /* Smart_EngTests.swift */,
				1ED77B281A1CA65F00CA06C3 /* Supporting Files */,
			);
			path = "Smart EngTests";
			sourceTree = "<group>";
		};
		1ED77B281A1CA65F00CA06C3 /* Supporting Files */ = {
			isa = PBXGroup;
			children = (
				1ED77B291A1CA65F00CA06C3 /* Info.plist */,
			);
			name = "Supporting Files";
			sourceTree = "<group>";
		};
/* End PBXGroup section */

/* Begin PBXNativeTarget section */
		1ED77B0B1A1CA65F00CA06C3 /* Smart Eng */ = {
			isa = PBXNativeTarget;
			buildConfigurationList = 1ED77B2E1A1CA65F00CA06C3 /* Build configuration list for PBXNativeTarget "Smart Eng" */;
			buildPhases = (
				1ED77B081A1CA65F00CA06C3 /* Sources */,
				1ED77B091A1CA65F00CA06C3 /* Frameworks */,
				1ED77B0A1A1CA65F00CA06C3 /* Resources */,
			);
			buildRules = (
			);
			dependencies = (
			);
			name = "Smart Eng";
			productName = "Smart Eng";
			productReference = 1ED77B0C1A1CA65F00CA06C3 /* Smart Eng.app */;
			productType = "com.apple.product-type.application";
		};
		1ED77B231A1CA65F00CA06C3 /* Smart EngTests */ = {
			isa = PBXNativeTarget;
			buildConfigurationList = 1ED77B311A1CA65F00CA06C3 /* Build configuration list for PBXNativeTarget "Smart EngTests" */;
			buildPhases = (
				1ED77B201A1CA65F00CA06C3 /* Sources */,
				1ED77B211A1CA65F00CA06C3 /* Frameworks */,
				1ED77B221A1CA65F00CA06C3 /* Resources */,
			);
			buildRules = (
			);
			dependencies = (
				1ED77B261A1CA65F00CA06C3 /* PBXTargetDependency */,
			);
			name = "Smart EngTests";
			productName = "Smart EngTests";
			productReference = 1ED77B241A1CA65F00CA06C3 /* Smart EngTests.xctest */;
			productType = "com.apple.product-type.bundle.unit-test";
		};
/* End PBXNativeTarget section */

/* Begin PBXProject section */
		1ED77B041A1CA65F00CA06C3 /* Project object */ = {
			isa = PBXProject;
			attributes = {
				LastUpgradeCheck = 0610;
				ORGANIZATIONNAME = chansung;
				TargetAttributes = {
					1ED77B0B1A1CA65F00CA06C3 = {
						CreatedOnToolsVersion = 6.1;
					};
					1ED77B231A1CA65F00CA06C3 = {
						CreatedOnToolsVersion = 6.1;
						TestTargetID = 1ED77B0B1A1CA65F00CA06C3;
					};
				};
			};
			buildConfigurationList = 1ED77B071A1CA65F00CA06C3 /* Build configuration list for PBXProject "Smart Eng" */;
			compatibilityVersion = "Xcode 3.2";
			developmentRegion = English;
			hasScannedForEncodings = 0;
			knownRegions = (
				en,
				Base,
			);
			mainGroup = 1ED77B031A1CA65F00CA06C3;
			productRefGroup = 1ED77B0D1A1CA65F00CA06C3 /* Products */;
			projectDirPath = "";
			projectRoot = "";
			targets = (
				1ED77B0B1A1CA65F00CA06C3 /* Smart Eng */,
				1ED77B231A1CA65F00CA06C3 /* Smart EngTests */,
			);
		};
/* End PBXProject section */

/* Begin PBXResourcesBuildPhase section */
		1ED77B0A1A1CA65F00CA06C3 /* Resources */ = {
			isa = PBXResourcesBuildPhase;
			buildActionMask = 2147483647;
			files = (
				1ED77B1A1A1CA65F00CA06C3 /* Main.storyboard in Resources */,
				1ED77B1F1A1CA65F00CA06C3 /* LaunchScreen.xib in Resources */,
				1ED77B1C1A1CA65F00CA06C3 /* Images.xcassets in Resources */,
			);
			runOnlyForDeploymentPostprocessing = 0;
		};
		1ED77B221A1CA65F00CA06C3 /* Resources */ = {
			isa = PBXResourcesBuildPhase;
			buildActionMask = 2147483647;
			files = (
			);
			runOnlyForDeploymentPostprocessing = 0;
		};
/* End PBXResourcesBuildPhase section */

/* Begin PBXSourcesBuildPhase section */
		1ED77B081A1CA65F00CA06C3 /* Sources */ = {
			isa = PBXSourcesBuildPhase;
			buildActionMask = 2147483647;
			files = (
				1ED77B171A1CA65F00CA06C3 /* ViewController.swift in Sources */,
				1ED77B151A1CA65F00CA06C3 /* Smart_Eng.xcdatamodeld in Sources */,
				1ED77B121A1CA65F00CA06C3 /* AppDelegate.swift in Sources */,
			);
			runOnlyForDeploymentPostprocessing = 0;
		};
		1ED77B201A1CA65F00CA06C3 /* Sources */ = {
			isa = PBXSourcesBuildPhase;
			buildActionMask = 2147483647;
			files = (
				1ED77B2B1A1CA65F00CA06C3 /* Smart_EngTests.swift in Sources */,
			);
			runOnlyForDeploymentPostprocessing = 0;
		};
/* End PBXSourcesBuildPhase section */

/* Begin PBXTargetDependency section */
		1ED77B261A1CA65F00CA06C3 /* PBXTargetDependency */ = {
			isa = PBXTargetDependency;
			target = 1ED77B0B1A1CA65F00CA06C3 /* Smart Eng */;
			targetProxy = 1ED77B251A1CA65F00CA06C3 /* PBXContainerItemProxy */;
		};
/* End PBXTargetDependency section */

/* Begin PBXVariantGroup section */
		1ED77B181A1CA65F00CA06C3 /* Main.storyboard */ = {
			isa = PBXVariantGroup;
			children = (
				1ED77B191A1CA65F00CA06C3 /* Base */,
			);
			name = Main.storyboard;
			sourceTree = "<group>";
		};
		1ED77B1D1A1CA65F00CA06C3 /* LaunchScreen.xib */ = {
			isa = PBXVariantGroup;
			children = (
				1ED77B1E1A1CA65F00CA06C3 /* Base */,
			);
			name = LaunchScreen.xib;
			sourceTree = "<group>";
		};
/* End PBXVariantGroup section */

/* Begin XCBuildConfiguration section */
		1ED77B2C1A1CA65F00CA06C3 /* Debug */ = {
			isa = XCBuildConfiguration;
			buildSettings = {
				ALWAYS_SEARCH_USER_PATHS = NO;
				CLANG_CXX_LANGUAGE_STANDARD = "gnu++0x";
				CLANG_CXX_LIBRARY = "libc++";
				CLANG_ENABLE_MODULES = YES;
				CLANG_ENABLE_OBJC_ARC = YES;
				CLANG_WARN_BOOL_CONVERSION = YES;
				CLANG_WARN_CONSTANT_CONVERSION = YES;
				CLANG_WARN_DIRECT_OBJC_ISA_USAGE = YES_ERROR;
				CLANG_WARN_EMPTY_BODY = YES;
				CLANG_WARN_ENUM_CONVERSION = YES;
				CLANG_WARN_INT_CONVERSION = YES;
				CLANG_WARN_OBJC_ROOT_CLASS = YES_ERROR;
				CLANG_WARN_UNREACHABLE_CODE = YES;
				CLANG_WARN__DUPLICATE_METHOD_MATCH = YES;
				"CODE_SIGN_IDENTITY[sdk=iphoneos*]" = "iPhone Developer";
				COPY_PHASE_STRIP = NO;
				ENABLE_STRICT_OBJC_MSGSEND = YES;
				GCC_C_LANGUAGE_STANDARD = gnu99;
				GCC_DYNAMIC_NO_PIC = NO;
				GCC_OPTIMIZATION_LEVEL = 0;
				GCC_PREPROCESSOR_DEFINITIONS = (
					"DEBUG=1",
					"$(inherited)",
				);
				GCC_SYMBOLS_PRIVATE_EXTERN = NO;
				GCC_WARN_64_TO_32_BIT_CONVERSION = YES;
				GCC_WARN_ABOUT_RETURN_TYPE = YES_ERROR;
				GCC_WARN_UNDECLARED_SELECTOR = YES;
				GCC_WARN_UNINITIALIZED_AUTOS = YES_AGGRESSIVE;
				GCC_WARN_UNUSED_FUNCTION = YES;
				GCC_WARN_UNUSED_VARIABLE = YES;
				IPHONEOS_DEPLOYMENT_TARGET = 8.1;
				MTL_ENABLE_DEBUG_INFO = YES;
				ONLY_ACTIVE_ARCH = YES;
				SDKROOT = iphoneos;
				SWIFT_OPTIMIZATION_LEVEL = "-Onone";
			};
			name = Debug;
		};
		1ED77B2D1A1CA65F00CA06C3 /* Release */ = {
			isa = XCBuildConfiguration;
			buildSettings = {
				ALWAYS_SEARCH_USER_PATHS = NO;
				CLANG_CXX_LANGUAGE_STANDARD = "gnu++0x";
				CLANG_CXX_LIBRARY = "libc++";
				CLANG_ENABLE_MODULES = YES;
				CLANG_ENABLE_OBJC_ARC = YES;
				CLANG_WARN_BOOL_CONVERSION = YES;
				CLANG_WARN_CONSTANT_CONVERSION = YES;
				CLANG_WARN_DIRECT_OBJC_ISA_USAGE = YES_ERROR;
				CLANG_WARN_EMPTY_BODY = YES;
				CLANG_WARN_ENUM_CONVERSION = YES;
				CLANG_WARN_INT_CONVERSION = YES;
				CLANG_WARN_OBJC_ROOT_CLASS = YES_ERROR;
				CLANG_WARN_UNREACHABLE_CODE = YES;
				CLANG_WARN__DUPLICATE_METHOD_MATCH = YES;
				"CODE_SIGN_IDENTITY[sdk=iphoneos*]" = "iPhone Developer";
				COPY_PHASE_STRIP = YES;
				ENABLE_NS_ASSERTIONS = NO;
				ENABLE_STRICT_OBJC_MSGSEND = YES;
				GCC_C_LANGUAGE_STANDARD = gnu99;
				GCC_WARN_64_TO_32_BIT_CONVERSION = YES;
				GCC_WARN_ABOUT_RETURN_TYPE = YES_ERROR;
				GCC_WARN_UNDECLARED_SELECTOR = YES;
				GCC_WARN_UNINITIALIZED_AUTOS = YES_AGGRESSIVE;
				GCC_WARN_UNUSED_FUNCTION = YES;
				GCC_WARN_UNUSED_VARIABLE = YES;
				IPHONEOS_DEPLOYMENT_TARGET = 8.1;
				MTL_ENABLE_DEBUG_INFO = NO;
				SDKROOT = iphoneos;
				VALIDATE_PRODUCT = YES;
			};
			name = Release;
		};
		1ED77B2F1A1CA65F00CA06C3 /* Debug */ = {
			isa = XCBuildConfiguration;
			buildSettings = {
				ASSETCATALOG_COMPILER_APPICON_NAME = AppIcon;
				INFOPLIST_FILE = "Smart Eng/Info.plist";
				LD_RUNPATH_SEARCH_PATHS = "$(inherited) @executable_path/Frameworks";
				PRODUCT_NAME = "$(TARGET_NAME)";
			};
			name = Debug;
		};
		1ED77B301A1CA65F00CA06C3 /* Release */ = {
			isa = XCBuildConfiguration;
			buildSettings = {
				ASSETCATALOG_COMPILER_APPICON_NAME = AppIcon;
				INFOPLIST_FILE = "Smart Eng/Info.plist";
				LD_RUNPATH_SEARCH_PATHS = "$(inherited) @executable_path/Frameworks";
				PRODUCT_NAME = "$(TARGET_NAME)";
			};
			name = Release;
		};
		1ED77B321A1CA65F00CA06C3 /* Debug */ = {
			isa = XCBuildConfiguration;
			buildSettings = {
				BUNDLE_LOADER = "$(TEST_HOST)";
				FRAMEWORK_SEARCH_PATHS = (
					"$(SDKROOT)/Developer/Library/Frameworks",
					"$(inherited)",
				);
				GCC_PREPROCESSOR_DEFINITIONS = (
					"DEBUG=1",
					"$(inherited)",
				);
				INFOPLIST_FILE = "Smart EngTests/Info.plist";
				LD_RUNPATH_SEARCH_PATHS = "$(inherited) @executable_path/Frameworks @loader_path/Frameworks";
				PRODUCT_NAME = "$(TARGET_NAME)";
				TEST_HOST = "$(BUILT_PRODUCTS_DIR)/Smart Eng.app/Smart Eng";
			};
			name = Debug;
		};
		1ED77B331A1CA65F00CA06C3 /* Release */ = {
			isa = XCBuildConfiguration;
			buildSettings = {
				BUNDLE_LOADER = "$(TEST_HOST)";
				FRAMEWORK_SEARCH_PATHS = (
					"$(SDKROOT)/Developer/Library/Frameworks",
					"$(inherited)",
				);
				INFOPLIST_FILE = "Smart EngTests/Info.plist";
				LD_RUNPATH_SEARCH_PATHS = "$(inherited) @executable_path/Frameworks @loader_path/Frameworks";
				PRODUCT_NAME = "$(TARGET_NAME)";
				TEST_HOST = "$(BUILT_PRODUCTS_DIR)/Smart Eng.app/Smart Eng";
			};
			name = Release;
		};
/* End XCBuildConfiguration section */

/* Begin XCConfigurationList section */
		1ED77B071A1CA65F00CA06C3 /* Build configuration list for PBXProject "Smart Eng" */ = {
			isa = XCConfigurationList;
			buildConfigurations = (
				1ED77B2C1A1CA65F00CA06C3 /* Debug */,
				1ED77B2D1A1CA65F00CA06C3 /* Release */,
			);
			defaultConfigurationIsVisible = 0;
			defaultConfigurationName = Release;
		};
		1ED77B2E1A1CA65F00CA06C3 /* Build configuration list for PBXNativeTarget "Smart Eng" */ = {
			isa = XCConfigurationList;
			buildConfigurations = (
				1ED77B2F1A1CA65F00CA06C3 /* Debug */,
				1ED77B301A1CA65F00CA06C3 /* Release */,
			);
			defaultConfigurationIsVisible = 0;
		};
		1ED77B311A1CA65F00CA06C3 /* Build configuration list for PBXNativeTarget "Smart EngTests" */ = {
			isa = XCConfigurationList;
			buildConfigurations = (
				1ED77B321A1CA65F00CA06C3 /* Debug */,
				1ED77B331A1CA65F00CA06C3 /* Release */,
			);
			defaultConfigurationIsVisible = 0;
		};
/* End XCConfigurationList section */

/* Begin XCVersionGroup section */
		1ED77B131A1CA65F00CA06C3 /* Smart_Eng.xcdatamodeld */ = {
			isa = XCVersionGroup;
			children = (
				1ED77B141A1CA65F00CA06C3 /* Smart_Eng.xcdatamodel */,
			);
			currentVersion = 1ED77B141A1CA65F00CA06C3 /* Smart_Eng.xcdatamodel */;
			path = Smart_Eng.xcdatamodeld;
			sourceTree = "<group>";
			versionGroupType = wrapper.xcdatamodel;
		};
/* End XCVersionGroup section */
	};
	rootObject = 1ED77B041A1CA65F00CA06C3 /* Project object */;
}
